<?xml version="1.0" encoding="UTF-8"?>
<Scheme LastUpgradeVersion="2630" version="1.7">
   <BuildAction parallelizeBuildables="YES" buildImplicitDependencies="YES" buildArchitectures="Automatic">
      <BuildActionEntries>
         <BuildActionEntry buildForTesting="YES" buildForRunning="YES" buildForProfiling="NO" buildForArchiving="NO" buildForAnalyzing="YES">
            <BuildableReference BuildableIdentifier="primary" BlueprintIdentifier="8BE5597D2FF7ED950010F340" BuildableName="FitMatch.app" BlueprintName="FitMatch" ReferencedContainer="container:FitMatch.xcodeproj"/>
         </BuildActionEntry>
         <BuildActionEntry buildForTesting="YES" buildForRunning="NO" buildForProfiling="NO" buildForArchiving="NO" buildForAnalyzing="NO">
            <BuildableReference BuildableIdentifier="primary" BlueprintIdentifier="8BE5598A2FF7ED990010F340" BuildableName="FitMatchTests.xctest" BlueprintName="FitMatchTests" ReferencedContainer="container:FitMatch.xcodeproj"/>
         </BuildActionEntry>
      </BuildActionEntries>
   </BuildAction>
   <TestAction buildConfiguration="Debug" selectedDebuggerIdentifier="Xcode.DebuggerFoundation.Debugger.LLDB" selectedLauncherIdentifier="Xcode.DebuggerFoundation.Launcher.LLDB" shouldUseLaunchSchemeArgsEnv="NO" shouldAutocreateTestPlan="YES">
      <CommandLineArguments>
         <CommandLineArgument argument="-fitmatchRunUniqloReferenceAudit" isEnabled="YES"/>
      </CommandLineArguments>
      <EnvironmentVariables>
         <EnvironmentVariable key="FITMATCH_RUN_UNIQLO_REFERENCE_AUDIT" value="1" isEnabled="YES"/>
      </EnvironmentVariables>
      <Testables>
         <TestableReference skipped="NO" parallelizable="NO">
            <BuildableReference BuildableIdentifier="primary" BlueprintIdentifier="8BE5598A2FF7ED990010F340" BuildableName="FitMatchTests.xctest" BlueprintName="FitMatchTests" ReferencedContainer="container:FitMatch.xcodeproj"/>
         </TestableReference>
      </Testables>
   </TestAction>
   <LaunchAction buildConfiguration="Debug" selectedDebuggerIdentifier="Xcode.DebuggerFoundation.Debugger.LLDB" selectedLauncherIdentifier="Xcode.DebuggerFoundation.Launcher.LLDB" launchStyle="0" useCustomWorkingDirectory="NO" ignoresPersistentStateOnLaunch="NO" debugDocumentVersioning="YES" debugServiceExtension="internal" allowLocationSimulation="YES">
      <BuildableProductRunnable runnableDebuggingMode="0">
         <BuildableReference BuildableIdentifier="primary" BlueprintIdentifier="8BE5597D2FF7ED950010F340" BuildableName="FitMatch.app" BlueprintName="FitMatch" ReferencedContainer="container:FitMatch.xcodeproj"/>
      </BuildableProductRunnable>
   </LaunchAction>
   <ProfileAction buildConfiguration="Release" shouldUseLaunchSchemeArgsEnv="YES" savedToolIdentifier="" useCustomWorkingDirectory="NO" debugDocumentVersioning="YES"/>
   <AnalyzeAction buildConfiguration="Debug"/>
   <ArchiveAction buildConfiguration="Release" revealArchiveInOrganizer="NO"/>
</Scheme>
